
Microsoft Visual Studio Solution File, Format Version 12.00
# Visual Studio Version 16
VisualStudioVersion = 16.0.29519.181
MinimumVisualStudioVersion = 10.0.40219.1
Project("{9A19103F-16F7-4668-BE54-9A1E7A4F7556}") = "CUDAtrace", "CUDAtrace\CUDAtrace.csproj", "{095E60F7-484C-43BC-882C-A33C24BEA521}"
EndProject
Global
	GlobalSection(SolutionConfigurationPlatforms) = preSolution
		Debug|Any CPU = Debug|Any CPU
		Debug|x64 = Debug|x64
		Release|Any CPU = Release|Any CPU
		Release|x64 = Release|x64
	EndGlobalSection
	GlobalSection(ProjectConfigurationPlatforms) = postSolution
		{095E60F7-484C-43BC-882C-A33C24BEA521}.Debug|Any CPU.ActiveCfg = Debug|Any CPU
		{095E60F7-484C-43BC-882C-A33C24BEA521}.Debug|Any CPU.Build.0 = Debug|Any CPU
		{095E60F7-484C-43BC-882C-A33C24BEA521}.Debug|x64.ActiveCfg = Debug|x64
		{095E60F7-484C-43BC-882C-A33C24BEA521}.Debug|x64.Build.0 = Debug|x64
		{095E60F7-484C-43BC-882C-A33C24BEA521}.Release|Any CPU.ActiveCfg = Release|Any CPU
		{095E60F7-484C-43BC-882C-A33C24BEA521}.Release|Any CPU.Build.0 = Release|Any CPU
		{095E60F7-484C-43BC-882C-A33C24BEA521}.Release|x64.ActiveCfg = Release|x64
		{095E60F7-484C-43BC-882C-A33C24BEA521}.Release|x64.Build.0 = Release|x64
	EndGlobalSection
	GlobalSection(SolutionProperties) = preSolution
		HideSolutionNode = FALSE
	EndGlobalSection
	GlobalSection(ExtensibilityGlobals) = postSolution
		SolutionGuid = {E2FACE7C-676F-46DD-BC9A-01A65923CA6E}
	EndGlobalSection
EndGlobal
